
Microsoft Visual Studio Solution File, Format Version 12.00
# Visual Studio 15
VisualStudioVersion = 15.0.27428.2037
MinimumVisualStudioVersion = 10.0.40219.1
Project("{FAE04EC0-301F-11D3-BF4B-00C04F79EFBC}") = "ET43_MaestroDetalle.Android", "ET43_MaestroDetalle\ET43_MaestroDetalle.Android\ET43_MaestroDetalle.Android.csproj", "{43D79B66-F514-43F8-903F-9DCD6D4A5780}"
EndProject
Project("{FAE04EC0-301F-11D3-BF4B-00C04F79EFBC}") = "ET43_MaestroDetalle.iOS", "ET43_MaestroDetalle\ET43_MaestroDetalle.iOS\ET43_MaestroDetalle.iOS.csproj", "{E4E0EC27-7E93-42EA-AFEC-D9A4A60982EE}"
EndProject
Project("{FAE04EC0-301F-11D3-BF4B-00C04F79EFBC}") = "ET43_MaestroDetalle.UWP", "ET43_MaestroDetalle\ET43_MaestroDetalle.UWP\ET43_MaestroDetalle.UWP.csproj", "{816A5419-41F1-4C38-9EFC-7D675D7C51E1}"
EndProject
Project("{FAE04EC0-301F-11D3-BF4B-00C04F79EFBC}") = "ET43_MaestroDetalle", "ET43_MaestroDetalle\ET43_MaestroDetalle\ET43_MaestroDetalle.csproj", "{38E5E4AC-16A6-4E48-AF1A-3BF2597C4C84}"
EndProject
Global
	GlobalSection(SolutionConfigurationPlatforms) = preSolution
		Ad-Hoc|Any CPU = Ad-Hoc|Any CPU
		Ad-Hoc|ARM = Ad-Hoc|ARM
		Ad-Hoc|iPhone = Ad-Hoc|iPhone
		Ad-Hoc|iPhoneSimulator = Ad-Hoc|iPhoneSimulator
		Ad-Hoc|x64 = Ad-Hoc|x64
		Ad-Hoc|x86 = Ad-Hoc|x86
		AppStore|Any CPU = AppStore|Any CPU
		AppStore|ARM = AppStore|ARM
		AppStore|iPhone = AppStore|iPhone
		AppStore|iPhoneSimulator = AppStore|iPhoneSimulator
		AppStore|x64 = AppStore|x64
		AppStore|x86 = AppStore|x86
		Debug|Any CPU = Debug|Any CPU
		Debug|ARM = Debug|ARM
		Debug|iPhone = Debug|iPhone
		Debug|iPhoneSimulator = Debug|iPhoneSimulator
		Debug|x64 = Debug|x64
		Debug|x86 = Debug|x86
		Release|Any CPU = Release|Any CPU
		Release|ARM = Release|ARM
		Release|iPhone = Release|iPhone
		Release|iPhoneSimulator = Release|iPhoneSimulator
		Release|x64 = Release|x64
		Release|x86 = Release|x86
	EndGlobalSection
	GlobalSection(ProjectConfigurationPlatforms) = postSolution
		{43D79B66-F514-43F8-903F-9DCD6D4A5780}.Ad-Hoc|Any CPU.ActiveCfg = Release|Any CPU
		{43D79B66-F514-43F8-903F-9DCD6D4A5780}.Ad-Hoc|Any CPU.Build.0 = Release|Any CPU
		{43D79B66-F514-43F8-903F-9DCD6D4A5780}.Ad-Hoc|Any CPU.Deploy.0 = Release|Any CPU
		{43D79B66-F514-43F8-903F-9DCD6D4A5780}.Ad-Hoc|ARM.ActiveCfg = Release|Any CPU
		{43D79B66-F514-43F8-903F-9DCD6D4A5780}.Ad-Hoc|ARM.Build.0 = Release|Any CPU
		{43D79B66-F514-43F8-903F-9DCD6D4A5780}.Ad-Hoc|ARM.Deploy.0 = Release|Any CPU
		{43D79B66-F514-43F8-903F-9DCD6D4A5780}.Ad-Hoc|iPhone.ActiveCfg = Release|Any CPU
		{43D79B66-F514-43F8-903F-9DCD6D4A5780}.Ad-Hoc|iPhone.Build.0 = Release|Any CPU
		{43D79B66-F514-43F8-903F-9DCD6D4A5780}.Ad-Hoc|iPhone.Deploy.0 = Release|Any CPU
		{43D79B66-F514-43F8-903F-9DCD6D4A5780}.Ad-Hoc|iPhoneSimulator.ActiveCfg = Release|Any CPU
		{43D79B66-F514-43F8-903F-9DCD6D4A5780}.Ad-Hoc|iPhoneSimulator.Build.0 = Release|Any CPU
		{43D79B66-F514-43F8-903F-9DCD6D4A5780}.Ad-Hoc|iPhoneSimulator.Deploy.0 = Release|Any CPU
		{43D79B66-F514-43F8-903F-9DCD6D4A5780}.Ad-Hoc|x64.ActiveCfg = Release|Any CPU
		{43D79B66-F514-43F8-903F-9DCD6D4A5780}.Ad-Hoc|x64.Build.0 = Release|Any CPU
		{43D79B66-F514-43F8-903F-9DCD6D4A5780}.Ad-Hoc|x64.Deploy.0 = Release|Any CPU
		{43D79B66-F514-43F8-903F-9DCD6D4A5780}.Ad-Hoc|x86.ActiveCfg = Release|Any CPU
		{43D79B66-F514-43F8-903F-9DCD6D4A5780}.Ad-Hoc|x86.Build.0 = Release|Any CPU
		{43D79B66-F514-43F8-903F-9DCD6D4A5780}.Ad-Hoc|x86.Deploy.0 = Release|Any CPU
		{43D79B66-F514-43F8-903F-9DCD6D4A5780}.AppStore|Any CPU.ActiveCfg = Release|Any CPU
		{43D79B66-F514-43F8-903F-9DCD6D4A5780}.AppStore|Any CPU.Build.0 = Release|Any CPU
		{43D79B66-F514-43F8-903F-9DCD6D4A5780}.AppStore|Any CPU.Deploy.0 = Release|Any CPU
		{43D79B66-F514-43F8-903F-9DCD6D4A5780}.AppStore|ARM.ActiveCfg = Release|Any CPU
		{43D79B66-F514-43F8-903F-9DCD6D4A5780}.AppStore|ARM.Build.0 = Release|Any CPU
		{43D79B66-F514-43F8-903F-9DCD6D4A5780}.AppStore|ARM.Deploy.0 = Release|Any CPU
		{43D79B66-F514-43F8-903F-9DCD6D4A5780}.AppStore|iPhone.ActiveCfg = Release|Any CPU
		{43D79B66-F514-43F8-903F-9DCD6D4A5780}.AppStore|iPhone.Build.0 = Release|Any CPU
		{43D79B66-F514-43F8-903F-9DCD6D4A5780}.AppStore|iPhone.Deploy.0 = Release|Any CPU
		{43D79B66-F514-43F8-903F-9DCD6D4A5780}.AppStore|iPhoneSimulator.ActiveCfg = Release|Any CPU
		{43D79B66-F514-43F8-903F-9DCD6D4A5780}.AppStore|iPhoneSimulator.Build.0 = Release|Any CPU
		{43D79B66-F514-43F8-903F-9DCD6D4A5780}.AppStore|iPhoneSimulator.Deploy.0 = Release|Any CPU
		{43D79B66-F514-43F8-903F-9DCD6D4A5780}.AppStore|x64.ActiveCfg = Release|Any CPU
		{43D79B66-F514-43F8-903F-9DCD6D4A5780}.AppStore|x64.Build.0 = Release|Any CPU
		{43D79B66-F514-43F8-903F-9DCD6D4A5780}.AppStore|x64.Deploy.0 = Release|Any CPU
		{43D79B66-F514-43F8-903F-9DCD6D4A5780}.AppStore|x86.ActiveCfg = Release|Any CPU
		{43D79B66-F514-43F8-903F-9DCD6D4A5780}.AppStore|x86.Build.0 = Release|Any CPU
		{43D79B66-F514-43F8-903F-9DCD6D4A5780}.AppStore|x86.Deploy.0 = Release|Any CPU
		{43D79B66-F514-43F8-903F-9DCD6D4A5780}.Debug|Any CPU.ActiveCfg = Debug|Any CPU
		{43D79B66-F514-43F8-903F-9DCD6D4A5780}.Debug|Any CPU.Build.0 = Debug|Any CPU
		{43D79B66-F514-43F8-903F-9DCD6D4A5780}.Debug|Any CPU.Deploy.0 = Debug|Any CPU
		{43D79B66-F514-43F8-903F-9DCD6D4A5780}.Debug|ARM.ActiveCfg = Debug|Any CPU
		{43D79B66-F514-43F8-903F-9DCD6D4A5780}.Debug|ARM.Build.0 = Debug|Any CPU
		{43D79B66-F514-43F8-903F-9DCD6D4A5780}.Debug|ARM.Deploy.0 = Debug|Any CPU
		{43D79B66-F514-43F8-903F-9DCD6D4A5780}.Debug|iPhone.ActiveCfg = Debug|Any CPU
		{43D79B66-F514-43F8-903F-9DCD6D4A5780}.Debug|iPhone.Build.0 = Debug|Any CPU
		{43D79B66-F514-43F8-903F-9DCD6D4A5780}.Debug|iPhone.Deploy.0 = Debug|Any CPU
		{43D79B66-F514-43F8-903F-9DCD6D4A5780}.Debug|iPhoneSimulator.ActiveCfg = Debug|Any CPU
		{43D79B66-F514-43F8-903F-9DCD6D4A5780}.Debug|iPhoneSimulator.Build.0 = Debug|Any CPU
		{43D79B66-F514-43F8-903F-9DCD6D4A5780}.Debug|iPhoneSimulator.Deploy.0 = Debug|Any CPU
		{43D79B66-F514-43F8-903F-9DCD6D4A5780}.Debug|x64.ActiveCfg = Debug|Any CPU
		{43D79B66-F514-43F8-903F-9DCD6D4A5780}.Debug|x64.Build.0 = Debug|Any CPU
		{43D79B66-F514-43F8-903F-9DCD6D4A5780}.Debug|x64.Deploy.0 = Debug|Any CPU
		{43D79B66-F514-43F8-903F-9DCD6D4A5780}.Debug|x86.ActiveCfg = Debug|Any CPU
		{43D79B66-F514-43F8-903F-9DCD6D4A5780}.Debug|x86.Build.0 = Debug|Any CPU
		{43D79B66-F514-43F8-903F-9DCD6D4A5780}.Debug|x86.Deploy.0 = Debug|Any CPU
		{43D79B66-F514-43F8-903F-9DCD6D4A5780}.Release|Any CPU.ActiveCfg = Release|Any CPU
		{43D79B66-F514-43F8-903F-9DCD6D4A5780}.Release|Any CPU.Build.0 = Release|Any CPU
		{43D79B66-F514-43F8-903F-9DCD6D4A5780}.Release|Any CPU.Deploy.0 = Release|Any CPU
		{43D79B66-F514-43F8-903F-9DCD6D4A5780}.Release|ARM.ActiveCfg = Release|Any CPU
		{43D79B66-F514-43F8-903F-9DCD6D4A5780}.Release|ARM.Build.0 = Release|Any CPU
		{43D79B66-F514-43F8-903F-9DCD6D4A5780}.Release|ARM.Deploy.0 = Release|Any CPU
		{43D79B66-F514-43F8-903F-9DCD6D4A5780}.Release|iPhone.ActiveCfg = Release|Any CPU
		{43D79B66-F514-43F8-903F-9DCD6D4A5780}.Release|iPhone.Build.0 = Release|Any CPU
		{43D79B66-F514-43F8-903F-9DCD6D4A5780}.Release|iPhone.Deploy.0 = Release|Any CPU
		{43D79B66-F514-43F8-903F-9DCD6D4A5780}.Release|iPhoneSimulator.ActiveCfg = Release|Any CPU
		{43D79B66-F514-43F8-903F-9DCD6D4A5780}.Release|iPhoneSimulator.Build.0 = Release|Any CPU
		{43D79B66-F514-43F8-903F-9DCD6D4A5780}.Release|iPhoneSimulator.Deploy.0 = Release|Any CPU
		{43D79B66-F514-43F8-903F-9DCD6D4A5780}.Release|x64.ActiveCfg = Release|Any CPU
		{43D79B66-F514-43F8-903F-9DCD6D4A5780}.Release|x64.Build.0 = Release|Any CPU
		{43D79B66-F514-43F8-903F-9DCD6D4A5780}.Release|x64.Deploy.0 = Release|Any CPU
		{43D79B66-F514-43F8-903F-9DCD6D4A5780}.Release|x86.ActiveCfg = Release|Any CPU
		{43D79B66-F514-43F8-903F-9DCD6D4A5780}.Release|x86.Build.0 = Release|Any CPU
		{43D79B66-F514-43F8-903F-9DCD6D4A5780}.Release|x86.Deploy.0 = Release|Any CPU
		{E4E0EC27-7E93-42EA-AFEC-D9A4A60982EE}.Ad-Hoc|Any CPU.ActiveCfg = Ad-Hoc|iPhone
		{E4E0EC27-7E93-42EA-AFEC-D9A4A60982EE}.Ad-Hoc|ARM.ActiveCfg = Ad-Hoc|iPhone
		{E4E0EC27-7E93-42EA-AFEC-D9A4A60982EE}.Ad-Hoc|iPhone.ActiveCfg = Ad-Hoc|iPhone
		{E4E0EC27-7E93-42EA-AFEC-D9A4A60982EE}.Ad-Hoc|iPhone.Build.0 = Ad-Hoc|iPhone
		{E4E0EC27-7E93-42EA-AFEC-D9A4A60982EE}.Ad-Hoc|iPhoneSimulator.ActiveCfg = Ad-Hoc|iPhoneSimulator
		{E4E0EC27-7E93-42EA-AFEC-D9A4A60982EE}.Ad-Hoc|iPhoneSimulator.Build.0 = Ad-Hoc|iPhoneSimulator
		{E4E0EC27-7E93-42EA-AFEC-D9A4A60982EE}.Ad-Hoc|x64.ActiveCfg = Ad-Hoc|iPhone
		{E4E0EC27-7E93-42EA-AFEC-D9A4A60982EE}.Ad-Hoc|x86.ActiveCfg = Ad-Hoc|iPhone
		{E4E0EC27-7E93-42EA-AFEC-D9A4A60982EE}.AppStore|Any CPU.ActiveCfg = AppStore|iPhone
		{E4E0EC27-7E93-42EA-AFEC-D9A4A60982EE}.AppStore|ARM.ActiveCfg = AppStore|iPhone
		{E4E0EC27-7E93-42EA-AFEC-D9A4A60982EE}.AppStore|iPhone.ActiveCfg = AppStore|iPhone
		{E4E0EC27-7E93-42EA-AFEC-D9A4A60982EE}.AppStore|iPhone.Build.0 = AppStore|iPhone
		{E4E0EC27-7E93-42EA-AFEC-D9A4A60982EE}.AppStore|iPhoneSimulator.ActiveCfg = AppStore|iPhoneSimulator
		{E4E0EC27-7E93-42EA-AFEC-D9A4A60982EE}.AppStore|iPhoneSimulator.Build.0 = AppStore|iPhoneSimulator
		{E4E0EC27-7E93-42EA-AFEC-D9A4A60982EE}.AppStore|x64.ActiveCfg = AppStore|iPhone
		{E4E0EC27-7E93-42EA-AFEC-D9A4A60982EE}.AppStore|x86.ActiveCfg = AppStore|iPhone
		{E4E0EC27-7E93-42EA-AFEC-D9A4A60982EE}.Debug|Any CPU.ActiveCfg = Debug|iPhone
		{E4E0EC27-7E93-42EA-AFEC-D9A4A60982EE}.Debug|ARM.ActiveCfg = Debug|iPhone
		{E4E0EC27-7E93-42EA-AFEC-D9A4A60982EE}.Debug|iPhone.ActiveCfg = Debug|iPhone
		{E4E0EC27-7E93-42EA-AFEC-D9A4A60982EE}.Debug|iPhone.Build.0 = Debug|iPhone
		{E4E0EC27-7E93-42EA-AFEC-D9A4A60982EE}.Debug|iPhoneSimulator.ActiveCfg = Debug|iPhoneSimulator
		{E4E0EC27-7E93-42EA-AFEC-D9A4A60982EE}.Debug|iPhoneSimulator.Build.0 = Debug|iPhoneSimulator
		{E4E0EC27-7E93-42EA-AFEC-D9A4A60982EE}.Debug|x64.ActiveCfg = Debug|iPhone
		{E4E0EC27-7E93-42EA-AFEC-D9A4A60982EE}.Debug|x86.ActiveCfg = Debug|iPhone
		{E4E0EC27-7E93-42EA-AFEC-D9A4A60982EE}.Release|Any CPU.ActiveCfg = Release|iPhone
		{E4E0EC27-7E93-42EA-AFEC-D9A4A60982EE}.Release|ARM.ActiveCfg = Release|iPhone
		{E4E0EC27-7E93-42EA-AFEC-D9A4A60982EE}.Release|iPhone.ActiveCfg = Release|iPhone
		{E4E0EC27-7E93-42EA-AFEC-D9A4A60982EE}.Release|iPhone.Build.0 = Release|iPhone
		{E4E0EC27-7E93-42EA-AFEC-D9A4A60982EE}.Release|iPhoneSimulator.ActiveCfg = Release|iPhoneSimulator
		{E4E0EC27-7E93-42EA-AFEC-D9A4A60982EE}.Release|iPhoneSimulator.Build.0 = Release|iPhoneSimulator
		{E4E0EC27-7E93-42EA-AFEC-D9A4A60982EE}.Release|x64.ActiveCfg = Release|iPhone
		{E4E0EC27-7E93-42EA-AFEC-D9A4A60982EE}.Release|x86.ActiveCfg = Release|iPhone
		{816A5419-41F1-4C38-9EFC-7D675D7C51E1}.Ad-Hoc|Any CPU.ActiveCfg = Release|x86
		{816A5419-41F1-4C38-9EFC-7D675D7C51E1}.Ad-Hoc|Any CPU.Build.0 = Release|x86
		{816A5419-41F1-4C38-9EFC-7D675D7C51E1}.Ad-Hoc|Any CPU.Deploy.0 = Release|x86
		{816A5419-41F1-4C38-9EFC-7D675D7C51E1}.Ad-Hoc|ARM.ActiveCfg = Release|ARM
		{816A5419-41F1-4C38-9EFC-7D675D7C51E1}.Ad-Hoc|ARM.Build.0 = Release|ARM
		{816A5419-41F1-4C38-9EFC-7D675D7C51E1}.Ad-Hoc|ARM.Deploy.0 = Release|ARM
		{816A5419-41F1-4C38-9EFC-7D675D7C51E1}.Ad-Hoc|iPhone.ActiveCfg = Release|x86
		{816A5419-41F1-4C38-9EFC-7D675D7C51E1}.Ad-Hoc|iPhone.Build.0 = Release|x86
		{816A5419-41F1-4C38-9EFC-7D675D7C51E1}.Ad-Hoc|iPhone.Deploy.0 = Release|x86
		{816A5419-41F1-4C38-9EFC-7D675D7C51E1}.Ad-Hoc|iPhoneSimulator.ActiveCfg = Release|x86
		{816A5419-41F1-4C38-9EFC-7D675D7C51E1}.Ad-Hoc|iPhoneSimulator.Build.0 = Release|x86
		{816A5419-41F1-4C38-9EFC-7D675D7C51E1}.Ad-Hoc|iPhoneSimulator.Deploy.0 = Release|x86
		{816A5419-41F1-4C38-9EFC-7D675D7C51E1}.Ad-Hoc|x64.ActiveCfg = Release|x64
		{816A5419-41F1-4C38-9EFC-7D675D7C51E1}.Ad-Hoc|x64.Build.0 = Release|x64
		{816A5419-41F1-4C38-9EFC-7D675D7C51E1}.Ad-Hoc|x64.Deploy.0 = Release|x64
		{816A5419-41F1-4C38-9EFC-7D675D7C51E1}.Ad-Hoc|x86.ActiveCfg = Release|x86
		{816A5419-41F1-4C38-9EFC-7D675D7C51E1}.Ad-Hoc|x86.Build.0 = Release|x86
		{816A5419-41F1-4C38-9EFC-7D675D7C51E1}.Ad-Hoc|x86.Deploy.0 = Release|x86
		{816A5419-41F1-4C38-9EFC-7D675D7C51E1}.AppStore|Any CPU.ActiveCfg = Release|x86
		{816A5419-41F1-4C38-9EFC-7D675D7C51E1}.AppStore|Any CPU.Build.0 = Release|x86
		{816A5419-41F1-4C38-9EFC-7D675D7C51E1}.AppStore|Any CPU.Deploy.0 = Release|x86
		{816A5419-41F1-4C38-9EFC-7D675D7C51E1}.AppStore|ARM.ActiveCfg = Release|ARM
		{816A5419-41F1-4C38-9EFC-7D675D7C51E1}.AppStore|ARM.Build.0 = Release|ARM
		{816A5419-41F1-4C38-9EFC-7D675D7C51E1}.AppStore|ARM.Deploy.0 = Release|ARM
		{816A5419-41F1-4C38-9EFC-7D675D7C51E1}.AppStore|iPhone.ActiveCfg = Release|x86
		{816A5419-41F1-4C38-9EFC-7D675D7C51E1}.AppStore|iPhone.Build.0 = Release|x86
		{816A5419-41F1-4C38-9EFC-7D675D7C51E1}.AppStore|iPhone.Deploy.0 = Release|x86
		{816A5419-41F1-4C38-9EFC-7D675D7C51E1}.AppStore|iPhoneSimulator.ActiveCfg = Release|x86
		{816A5419-41F1-4C38-9EFC-7D675D7C51E1}.AppStore|iPhoneSimulator.Build.0 = Release|x86
		{816A5419-41F1-4C38-9EFC-7D675D7C51E1}.AppStore|iPhoneSimulator.Deploy.0 = Release|x86
		{816A5419-41F1-4C38-9EFC-7D675D7C51E1}.AppStore|x64.ActiveCfg = Release|x64
		{816A5419-41F1-4C38-9EFC-7D675D7C51E1}.AppStore|x64.Build.0 = Release|x64
		{816A5419-41F1-4C38-9EFC-7D675D7C51E1}.AppStore|x64.Deploy.0 = Release|x64
		{816A5419-41F1-4C38-9EFC-7D675D7C51E1}.AppStore|x86.ActiveCfg = Release|x86
		{816A5419-41F1-4C38-9EFC-7D675D7C51E1}.AppStore|x86.Build.0 = Release|x86
		{816A5419-41F1-4C38-9EFC-7D675D7C51E1}.AppStore|x86.Deploy.0 = Release|x86
		{816A5419-41F1-4C38-9EFC-7D675D7C51E1}.Debug|Any CPU.ActiveCfg = Debug|x86
		{816A5419-41F1-4C38-9EFC-7D675D7C51E1}.Debug|ARM.ActiveCfg = Debug|ARM
		{816A5419-41F1-4C38-9EFC-7D675D7C51E1}.Debug|ARM.Build.0 = Debug|ARM
		{816A5419-41F1-4C38-9EFC-7D675D7C51E1}.Debug|ARM.Deploy.0 = Debug|ARM
		{816A5419-41F1-4C38-9EFC-7D675D7C51E1}.Debug|iPhone.ActiveCfg = Debug|x86
		{816A5419-41F1-4C38-9EFC-7D675D7C51E1}.Debug|iPhoneSimulator.ActiveCfg = Debug|x86
		{816A5419-41F1-4C38-9EFC-7D675D7C51E1}.Debug|x64.ActiveCfg = Debug|x64
		{816A5419-41F1-4C38-9EFC-7D675D7C51E1}.Debug|x64.Build.0 = Debug|x64
		{816A5419-41F1-4C38-9EFC-7D675D7C51E1}.Debug|x64.Deploy.0 = Debug|x64
		{816A5419-41F1-4C38-9EFC-7D675D7C51E1}.Debug|x86.ActiveCfg = Debug|x86
		{816A5419-41F1-4C38-9EFC-7D675D7C51E1}.Debug|x86.Build.0 = Debug|x86
		{816A5419-41F1-4C38-9EFC-7D675D7C51E1}.Debug|x86.Deploy.0 = Debug|x86
		{816A5419-41F1-4C38-9EFC-7D675D7C51E1}.Release|Any CPU.ActiveCfg = Release|x86
		{816A5419-41F1-4C38-9EFC-7D675D7C51E1}.Release|ARM.ActiveCfg = Release|ARM
		{816A5419-41F1-4C38-9EFC-7D675D7C51E1}.Release|ARM.Build.0 = Release|ARM
		{816A5419-41F1-4C38-9EFC-7D675D7C51E1}.Release|ARM.Deploy.0 = Release|ARM
		{816A5419-41F1-4C38-9EFC-7D675D7C51E1}.Release|iPhone.ActiveCfg = Release|x86
		{816A5419-41F1-4C38-9EFC-7D675D7C51E1}.Release|iPhoneSimulator.ActiveCfg = Release|x86
		{816A5419-41F1-4C38-9EFC-7D675D7C51E1}.Release|x64.ActiveCfg = Release|x64
		{816A5419-41F1-4C38-9EFC-7D675D7C51E1}.Release|x64.Build.0 = Release|x64
		{816A5419-41F1-4C38-9EFC-7D675D7C51E1}.Release|x64.Deploy.0 = Release|x64
		{816A5419-41F1-4C38-9EFC-7D675D7C51E1}.Release|x86.ActiveCfg = Release|x86
		{816A5419-41F1-4C38-9EFC-7D675D7C51E1}.Release|x86.Build.0 = Release|x86
		{816A5419-41F1-4C38-9EFC-7D675D7C51E1}.Release|x86.Deploy.0 = Release|x86
		{38E5E4AC-16A6-4E48-AF1A-3BF2597C4C84}.Ad-Hoc|Any CPU.ActiveCfg = Debug|Any CPU
		{38E5E4AC-16A6-4E48-AF1A-3BF2597C4C84}.Ad-Hoc|Any CPU.Build.0 = Debug|Any CPU
		{38E5E4AC-16A6-4E48-AF1A-3BF2597C4C84}.Ad-Hoc|ARM.ActiveCfg = Debug|Any CPU
		{38E5E4AC-16A6-4E48-AF1A-3BF2597C4C84}.Ad-Hoc|ARM.Build.0 = Debug|Any CPU
		{38E5E4AC-16A6-4E48-AF1A-3BF2597C4C84}.Ad-Hoc|iPhone.ActiveCfg = Debug|Any CPU
		{38E5E4AC-16A6-4E48-AF1A-3BF2597C4C84}.Ad-Hoc|iPhone.Build.0 = Debug|Any CPU
		{38E5E4AC-16A6-4E48-AF1A-3BF2597C4C84}.Ad-Hoc|iPhoneSimulator.ActiveCfg = Debug|Any CPU
		{38E5E4AC-16A6-4E48-AF1A-3BF2597C4C84}.Ad-Hoc|iPhoneSimulator.Build.0 = Debug|Any CPU
		{38E5E4AC-16A6-4E48-AF1A-3BF2597C4C84}.Ad-Hoc|x64.ActiveCfg = Debug|Any CPU
		{38E5E4AC-16A6-4E48-AF1A-3BF2597C4C84}.Ad-Hoc|x64.Build.0 = Debug|Any CPU
		{38E5E4AC-16A6-4E48-AF1A-3BF2597C4C84}.Ad-Hoc|x86.ActiveCfg = Debug|Any CPU
		{38E5E4AC-16A6-4E48-AF1A-3BF2597C4C84}.Ad-Hoc|x86.Build.0 = Debug|Any CPU
		{38E5E4AC-16A6-4E48-AF1A-3BF2597C4C84}.AppStore|Any CPU.ActiveCfg = Debug|Any CPU
		{38E5E4AC-16A6-4E48-AF1A-3BF2597C4C84}.AppStore|Any CPU.Build.0 = Debug|Any CPU
		{38E5E4AC-16A6-4E48-AF1A-3BF2597C4C84}.AppStore|ARM.ActiveCfg = Debug|Any CPU
		{38E5E4AC-16A6-4E48-AF1A-3BF2597C4C84}.AppStore|ARM.Build.0 = Debug|Any CPU
		{38E5E4AC-16A6-4E48-AF1A-3BF2597C4C84}.AppStore|iPhone.ActiveCfg = Debug|Any CPU
		{38E5E4AC-16A6-4E48-AF1A-3BF2597C4C84}.AppStore|iPhone.Build.0 = Debug|Any CPU
		{38E5E4AC-16A6-4E48-AF1A-3BF2597C4C84}.AppStore|iPhoneSimulator.ActiveCfg = Debug|Any CPU
		{38E5E4AC-16A6-4E48-AF1A-3BF2597C4C84}.AppStore|iPhoneSimulator.Build.0 = Debug|Any CPU
		{38E5E4AC-16A6-4E48-AF1A-3BF2597C4C84}.AppStore|x64.ActiveCfg = Debug|Any CPU
		{38E5E4AC-16A6-4E48-AF1A-3BF2597C4C84}.AppStore|x64.Build.0 = Debug|Any CPU
		{38E5E4AC-16A6-4E48-AF1A-3BF2597C4C84}.AppStore|x86.ActiveCfg = Debug|Any CPU
		{38E5E4AC-16A6-4E48-AF1A-3BF2597C4C84}.AppStore|x86.Build.0 = Debug|Any CPU
		{38E5E4AC-16A6-4E48-AF1A-3BF2597C4C84}.Debug|Any CPU.ActiveCfg = Debug|Any CPU
		{38E5E4AC-16A6-4E48-AF1A-3BF2597C4C84}.Debug|Any CPU.Build.0 = Debug|Any CPU
		{38E5E4AC-16A6-4E48-AF1A-3BF2597C4C84}.Debug|ARM.ActiveCfg = Debug|Any CPU
		{38E5E4AC-16A6-4E48-AF1A-3BF2597C4C84}.Debug|ARM.Build.0 = Debug|Any CPU
		{38E5E4AC-16A6-4E48-AF1A-3BF2597C4C84}.Debug|iPhone.ActiveCfg = Debug|Any CPU
		{38E5E4AC-16A6-4E48-AF1A-3BF2597C4C84}.Debug|iPhone.Build.0 = Debug|Any CPU
		{38E5E4AC-16A6-4E48-AF1A-3BF2597C4C84}.Debug|iPhoneSimulator.ActiveCfg = Debug|Any CPU
		{38E5E4AC-16A6-4E48-AF1A-3BF2597C4C84}.Debug|iPhoneSimulator.Build.0 = Debug|Any CPU
		{38E5E4AC-16A6-4E48-AF1A-3BF2597C4C84}.Debug|x64.ActiveCfg = Debug|Any CPU
		{38E5E4AC-16A6-4E48-AF1A-3BF2597C4C84}.Debug|x64.Build.0 = Debug|Any CPU
		{38E5E4AC-16A6-4E48-AF1A-3BF2597C4C84}.Debug|x86.ActiveCfg = Debug|Any CPU
		{38E5E4AC-16A6-4E48-AF1A-3BF2597C4C84}.Debug|x86.Build.0 = Debug|Any CPU
		{38E5E4AC-16A6-4E48-AF1A-3BF2597C4C84}.Release|Any CPU.ActiveCfg = Release|Any CPU
		{38E5E4AC-16A6-4E48-AF1A-3BF2597C4C84}.Release|Any CPU.Build.0 = Release|Any CPU
		{38E5E4AC-16A6-4E48-AF1A-3BF2597C4C84}.Release|ARM.ActiveCfg = Release|Any CPU
		{38E5E4AC-16A6-4E48-AF1A-3BF2597C4C84}.Release|ARM.Build.0 = Release|Any CPU
		{38E5E4AC-16A6-4E48-AF1A-3BF2597C4C84}.Release|iPhone.ActiveCfg = Release|Any CPU
		{38E5E4AC-16A6-4E48-AF1A-3BF2597C4C84}.Release|iPhone.Build.0 = Release|Any CPU
		{38E5E4AC-16A6-4E48-AF1A-3BF2597C4C84}.Release|iPhoneSimulator.ActiveCfg = Release|Any CPU
		{38E5E4AC-16A6-4E48-AF1A-3BF2597C4C84}.Release|iPhoneSimulator.Build.0 = Release|Any CPU
		{38E5E4AC-16A6-4E48-AF1A-3BF2597C4C84}.Release|x64.ActiveCfg = Release|Any CPU
		{38E5E4AC-16A6-4E48-AF1A-3BF2597C4C84}.Release|x64.Build.0 = Release|Any CPU
		{38E5E4AC-16A6-4E48-AF1A-3BF2597C4C84}.Release|x86.ActiveCfg = Release|Any CPU
		{38E5E4AC-16A6-4E48-AF1A-3BF2597C4C84}.Release|x86.Build.0 = Release|Any CPU
	EndGlobalSection
	GlobalSection(SolutionProperties) = preSolution
		HideSolutionNode = FALSE
	EndGlobalSection
	GlobalSection(ExtensibilityGlobals) = postSolution
		SolutionGuid = {169EA7CB-B936-464E-9E9D-023E84B66E9D}
	EndGlobalSection
EndGlobal
